
Microsoft Visual Studio Solution File, Format Version 12.00
# Visual Studio Version 16
VisualStudioVersion = 16.0.28729.10
MinimumVisualStudioVersion = 10.0.40219.1
Project("{FAE04EC0-301F-11D3-BF4B-00C04F79EFBC}") = "Examen", "Examen\Examen.csproj", "{48E4B0F5-BBA0-4CB6-A2FF-2241B3FDE757}"
EndProject
Project("{FAE04EC0-301F-11D3-BF4B-00C04F79EFBC}") = "Domain", "Domain\Domain.csproj", "{EE5425FC-C261-4D2B-B586-6E7AF4F085B7}"
EndProject
Project("{FAE04EC0-301F-11D3-BF4B-00C04F79EFBC}") = "Infraestructure", "Infraestructure\Infraestructure.csproj", "{248970EE-38CB-45E1-8A5F-23A392DC55FF}"
EndProject
Global
	GlobalSection(SolutionConfigurationPlatforms) = preSolution
		Debug|Any CPU = Debug|Any CPU
		Release|Any CPU = Release|Any CPU
	EndGlobalSection
	GlobalSection(ProjectConfigurationPlatforms) = postSolution
		{48E4B0F5-BBA0-4CB6-A2FF-2241B3FDE757}.Debug|Any CPU.ActiveCfg = Debug|Any CPU
		{48E4B0F5-BBA0-4CB6-A2FF-2241B3FDE757}.Debug|Any CPU.Build.0 = Debug|Any CPU
		{48E4B0F5-BBA0-4CB6-A2FF-2241B3FDE757}.Release|Any CPU.ActiveCfg = Release|Any CPU
		{48E4B0F5-BBA0-4CB6-A2FF-2241B3FDE757}.Release|Any CPU.Build.0 = Release|Any CPU
		{EE5425FC-C261-4D2B-B586-6E7AF4F085B7}.Debug|Any CPU.ActiveCfg = Debug|Any CPU
		{EE5425FC-C261-4D2B-B586-6E7AF4F085B7}.Debug|Any CPU.Build.0 = Debug|Any CPU
		{EE5425FC-C261-4D2B-B586-6E7AF4F085B7}.Release|Any CPU.ActiveCfg = Release|Any CPU
		{EE5425FC-C261-4D2B-B586-6E7AF4F085B7}.Release|Any CPU.Build.0 = Release|Any CPU
		{248970EE-38CB-45E1-8A5F-23A392DC55FF}.Debug|Any CPU.ActiveCfg = Debug|Any CPU
		{248970EE-38CB-45E1-8A5F-23A392DC55FF}.Debug|Any CPU.Build.0 = Debug|Any CPU
		{248970EE-38CB-45E1-8A5F-23A392DC55FF}.Release|Any CPU.ActiveCfg = Release|Any CPU
		{248970EE-38CB-45E1-8A5F-23A392DC55FF}.Release|Any CPU.Build.0 = Release|Any CPU
	EndGlobalSection
	GlobalSection(SolutionProperties) = preSolution
		HideSolutionNode = FALSE
	EndGlobalSection
	GlobalSection(ExtensibilityGlobals) = postSolution
		SolutionGuid = {21247BDD-CB6C-4D54-B8D6-1850D59C410C}
	EndGlobalSection
EndGlobal
